// !$*UTF8*$!
{
	archiveVersion = 1;
	classes = {
	};
	objectVersion = 50;
	objects = {

/* Begin PBXBuildFile section */
		4F2B9B3C24443C8900CCEC89 /* AppDelegate.swift in Sources */ = {isa = PBXBuildFile; fileRef = 4F2B9B3B24443C8900CCEC89 /* AppDelegate.swift */; };
		4F2B9B3E24443C8900CCEC89 /* SceneDelegate.swift in Sources */ = {isa = PBXBuildFile; fileRef = 4F2B9B3D24443C8900CCEC89 /* SceneDelegate.swift */; };
		4F2B9B4024443C8900CCEC89 /* ContentView.swift in Sources */ = {isa = PBXBuildFile; fileRef = 4F2B9B3F24443C8900CCEC89 /* ContentView.swift */; };
		4F2B9B4224443C8A00CCEC89 /* Assets.xcassets in Resources */ = {isa = PBXBuildFile; fileRef = 4F2B9B4124443C8A00CCEC89 /* Assets.xcassets */; };
		4F2B9B4524443C8A00CCEC89 /* Preview Assets.xcassets in Resources */ = {isa = PBXBuildFile; fileRef = 4F2B9B4424443C8A00CCEC89 /* Preview Assets.xcassets */; };
		4F2B9B4824443C8A00CCEC89 /* LaunchScreen.storyboard in Resources */ = {isa = PBXBuildFile; fileRef = 4F2B9B4624443C8A00CCEC89 /* LaunchScreen.storyboard */; };
		4F2B9B5324443C8A00CCEC89 /* Progressive_bar_POCTests.swift in Sources */ = {isa = PBXBuildFile; fileRef = 4F2B9B5224443C8A00CCEC89 /* Progressive_bar_POCTests.swift */; };
		4F2B9B5E24443C8A00CCEC89 /* Progressive_bar_POCUITests.swift in Sources */ = {isa = PBXBuildFile; fileRef = 4F2B9B5D24443C8A00CCEC89 /* Progressive_bar_POCUITests.swift */; };
		4F2B9B6C2444437C00CCEC89 /* Extension.swift in Sources */ = {isa = PBXBuildFile; fileRef = 4F2B9B6B2444437C00CCEC89 /* Extension.swift */; };
		4F2B9B6E2444A98200CCEC89 /* semiCircleProgress.swift in Sources */ = {isa = PBXBuildFile; fileRef = 4F2B9B6D2444A98200CCEC89 /* semiCircleProgress.swift */; };
		4F2B9B722444D7DD00CCEC89 /* Rectangleprogressbar.swift in Sources */ = {isa = PBXBuildFile; fileRef = 4F2B9B712444D7DD00CCEC89 /* Rectangleprogressbar.swift */; };
/* End PBXBuildFile section */

/* Begin PBXContainerItemProxy section */
		4F2B9B4F24443C8A00CCEC89 /* PBXContainerItemProxy */ = {
			isa = PBXContainerItemProxy;
			containerPortal = 4F2B9B3024443C8900CCEC89 /* Project object */;
			proxyType = 1;
			remoteGlobalIDString = 4F2B9B3724443C8900CCEC89;
			remoteInfo = "Progressive bar POC";
		};
		4F2B9B5A24443C8A00CCEC89 /* PBXContainerItemProxy */ = {
			isa = PBXContainerItemProxy;
			containerPortal = 4F2B9B3024443C8900CCEC89 /* Project object */;
			proxyType = 1;
			remoteGlobalIDString = 4F2B9B3724443C8900CCEC89;
			remoteInfo = "Progressive bar POC";
		};
/* End PBXContainerItemProxy section */

/* Begin PBXFileReference section */
		4F2B9B3824443C8900CCEC89 /* Progressive bar POC.app */ = {isa = PBXFileReference; explicitFileType = wrapper.application; includeInIndex = 0; path = "Progressive bar POC.app"; sourceTree = BUILT_PRODUCTS_DIR; };
		4F2B9B3B24443C8900CCEC89 /* AppDelegate.swift */ = {isa = PBXFileReference; lastKnownFileType = sourcecode.swift; path = AppDelegate.swift; sourceTree = "<group>"; };
		4F2B9B3D24443C8900CCEC89 /* SceneDelegate.swift */ = {isa = PBXFileReference; lastKnownFileType = sourcecode.swift; path = SceneDelegate.swift; sourceTree = "<group>"; };
		4F2B9B3F24443C8900CCEC89 /* ContentView.swift */ = {isa = PBXFileReference; lastKnownFileType = sourcecode.swift; path = ContentView.swift; sourceTree = "<group>"; };
		4F2B9B4124443C8A00CCEC89 /* Assets.xcassets */ = {isa = PBXFileReference; lastKnownFileType = folder.assetcatalog; path = Assets.xcassets; sourceTree = "<group>"; };
		4F2B9B4424443C8A00CCEC89 /* Preview Assets.xcassets */ = {isa = PBXFileReference; lastKnownFileType = folder.assetcatalog; path = "Preview Assets.xcassets"; sourceTree = "<group>"; };
		4F2B9B4724443C8A00CCEC89 /* Base */ = {isa = PBXFileReference; lastKnownFileType = file.storyboard; name = Base; path = Base.lproj/LaunchScreen.storyboard; sourceTree = "<group>"; };
		4F2B9B4924443C8A00CCEC89 /* Info.plist */ = {isa = PBXFileReference; lastKnownFileType = text.plist.xml; path = Info.plist; sourceTree = "<group>"; };
		4F2B9B4E24443C8A00CCEC89 /* Progressive bar POCTests.xctest */ = {isa = PBXFileReference; explicitFileType = wrapper.cfbundle; includeInIndex = 0; path = "Progressive bar POCTests.xctest"; sourceTree = BUILT_PRODUCTS_DIR; };
		4F2B9B5224443C8A00CCEC89 /* Progressive_bar_POCTests.swift */ = {isa = PBXFileReference; lastKnownFileType = sourcecode.swift; path = Progressive_bar_POCTests.swift; sourceTree = "<group>"; };
		4F2B9B5424443C8A00CCEC89 /* Info.plist */ = {isa = PBXFileReference; lastKnownFileType = text.plist.xml; path = Info.plist; sourceTree = "<group>"; };
		4F2B9B5924443C8A00CCEC89 /* Progressive bar POCUITests.xctest */ = {isa = PBXFileReference; explicitFileType = wrapper.cfbundle; includeInIndex = 0; path = "Progressive bar POCUITests.xctest"; sourceTree = BUILT_PRODUCTS_DIR; };
		4F2B9B5D24443C8A00CCEC89 /* Progressive_bar_POCUITests.swift */ = {isa = PBXFileReference; lastKnownFileType = sourcecode.swift; path = Progressive_bar_POCUITests.swift; sourceTree = "<group>"; };
		4F2B9B5F24443C8A00CCEC89 /* Info.plist */ = {isa = PBXFileReference; lastKnownFileType = text.plist.xml; path = Info.plist; sourceTree = "<group>"; };
		4F2B9B6B2444437C00CCEC89 /* Extension.swift */ = {isa = PBXFileReference; lastKnownFileType = sourcecode.swift; path = Extension.swift; sourceTree = "<group>"; };
		4F2B9B6D2444A98200CCEC89 /* semiCircleProgress.swift */ = {isa = PBXFileReference; lastKnownFileType = sourcecode.swift; path = semiCircleProgress.swift; sourceTree = "<group>"; };
		4F2B9B712444D7DD00CCEC89 /* Rectangleprogressbar.swift */ = {isa = PBXFileReference; lastKnownFileType = sourcecode.swift; path = Rectangleprogressbar.swift; sourceTree = "<group>"; };
/* End PBXFileReference section */

/* Begin PBXFrameworksBuildPhase section */
		4F2B9B3524443C8900CCEC89 /* Frameworks */ = {
			isa = PBXFrameworksBuildPhase;
			buildActionMask = 2147483647;
			files = (
			);
			runOnlyForDeploymentPostprocessing = 0;
		};
		4F2B9B4B24443C8A00CCEC89 /* Frameworks */ = {
			isa = PBXFrameworksBuildPhase;
			buildActionMask = 2147483647;
			files = (
			);
			runOnlyForDeploymentPostprocessing = 0;
		};
		4F2B9B5624443C8A00CCEC89 /* Frameworks */ = {
			isa = PBXFrameworksBuildPhase;
			buildActionMask = 2147483647;
			files = (
			);
			runOnlyForDeploymentPostprocessing = 0;
		};
/* End PBXFrameworksBuildPhase section */

/* Begin PBXGroup section */
		4F2B9B2F24443C8900CCEC89 = {
			isa = PBXGroup;
			children = (
				4F2B9B3A24443C8900CCEC89 /* Progressive bar POC */,
				4F2B9B5124443C8A00CCEC89 /* Progressive bar POCTests */,
				4F2B9B5C24443C8A00CCEC89 /* Progressive bar POCUITests */,
				4F2B9B3924443C8900CCEC89 /* Products */,
			);
			sourceTree = "<group>";
		};
		4F2B9B3924443C8900CCEC89 /* Products */ = {
			isa = PBXGroup;
			children = (
				4F2B9B3824443C8900CCEC89 /* Progressive bar POC.app */,
				4F2B9B4E24443C8A00CCEC89 /* Progressive bar POCTests.xctest */,
				4F2B9B5924443C8A00CCEC89 /* Progressive bar POCUITests.xctest */,
			);
			name = Products;
			sourceTree = "<group>";
		};
		4F2B9B3A24443C8900CCEC89 /* Progressive bar POC */ = {
			isa = PBXGroup;
			children = (
				4F2B9B3B24443C8900CCEC89 /* AppDelegate.swift */,
				4F2B9B3D24443C8900CCEC89 /* SceneDelegate.swift */,
				4F2B9B3F24443C8900CCEC89 /* ContentView.swift */,
				4F2B9B6D2444A98200CCEC89 /* semiCircleProgress.swift */,
				4F2B9B712444D7DD00CCEC89 /* Rectangleprogressbar.swift */,
				4F2B9B6B2444437C00CCEC89 /* Extension.swift */,
				4F2B9B4124443C8A00CCEC89 /* Assets.xcassets */,
				4F2B9B4624443C8A00CCEC89 /* LaunchScreen.storyboard */,
				4F2B9B4924443C8A00CCEC89 /* Info.plist */,
				4F2B9B4324443C8A00CCEC89 /* Preview Content */,
			);
			path = "Progressive bar POC";
			sourceTree = "<group>";
		};
		4F2B9B4324443C8A00CCEC89 /* Preview Content */ = {
			isa = PBXGroup;
			children = (
				4F2B9B4424443C8A00CCEC89 /* Preview Assets.xcassets */,
			);
			path = "Preview Content";
			sourceTree = "<group>";
		};
		4F2B9B5124443C8A00CCEC89 /* Progressive bar POCTests */ = {
			isa = PBXGroup;
			children = (
				4F2B9B5224443C8A00CCEC89 /* Progressive_bar_POCTests.swift */,
				4F2B9B5424443C8A00CCEC89 /* Info.plist */,
			);
			path = "Progressive bar POCTests";
			sourceTree = "<group>";
		};
		4F2B9B5C24443C8A00CCEC89 /* Progressive bar POCUITests */ = {
			isa = PBXGroup;
			children = (
				4F2B9B5D24443C8A00CCEC89 /* Progressive_bar_POCUITests.swift */,
				4F2B9B5F24443C8A00CCEC89 /* Info.plist */,
			);
			path = "Progressive bar POCUITests";
			sourceTree = "<group>";
		};
/* End PBXGroup section */

/* Begin PBXNativeTarget section */
		4F2B9B3724443C8900CCEC89 /* Progressive bar POC */ = {
			isa = PBXNativeTarget;
			buildConfigurationList = 4F2B9B6224443C8A00CCEC89 /* Build configuration list for PBXNativeTarget "Progressive bar POC" */;
			buildPhases = (
				4F2B9B3424443C8900CCEC89 /* Sources */,
				4F2B9B3524443C8900CCEC89 /* Frameworks */,
				4F2B9B3624443C8900CCEC89 /* Resources */,
			);
			buildRules = (
			);
			dependencies = (
			);
			name = "Progressive bar POC";
			productName = "Progressive bar POC";
			productReference = 4F2B9B3824443C8900CCEC89 /* Progressive bar POC.app */;
			productType = "com.apple.product-type.application";
		};
		4F2B9B4D24443C8A00CCEC89 /* Progressive bar POCTests */ = {
			isa = PBXNativeTarget;
			buildConfigurationList = 4F2B9B6524443C8A00CCEC89 /* Build configuration list for PBXNativeTarget "Progressive bar POCTests" */;
			buildPhases = (
				4F2B9B4A24443C8A00CCEC89 /* Sources */,
				4F2B9B4B24443C8A00CCEC89 /* Frameworks */,
				4F2B9B4C24443C8A00CCEC89 /* Resources */,
			);
			buildRules = (
			);
			dependencies = (
				4F2B9B5024443C8A00CCEC89 /* PBXTargetDependency */,
			);
			name = "Progressive bar POCTests";
			productName = "Progressive bar POCTests";
			productReference = 4F2B9B4E24443C8A00CCEC89 /* Progressive bar POCTests.xctest */;
			productType = "com.apple.product-type.bundle.unit-test";
		};
		4F2B9B5824443C8A00CCEC89 /* Progressive bar POCUITests */ = {
			isa = PBXNativeTarget;
			buildConfigurationList = 4F2B9B6824443C8A00CCEC89 /* Build configuration list for PBXNativeTarget "Progressive bar POCUITests" */;
			buildPhases = (
				4F2B9B5524443C8A00CCEC89 /* Sources */,
				4F2B9B5624443C8A00CCEC89 /* Frameworks */,
				4F2B9B5724443C8A00CCEC89 /* Resources */,
			);
			buildRules = (
			);
			dependencies = (
				4F2B9B5B24443C8A00CCEC89 /* PBXTargetDependency */,
			);
			name = "Progressive bar POCUITests";
			productName = "Progressive bar POCUITests";
			productReference = 4F2B9B5924443C8A00CCEC89 /* Progressive bar POCUITests.xctest */;
			productType = "com.apple.product-type.bundle.ui-testing";
		};
/* End PBXNativeTarget section */

/* Begin PBXProject section */
		4F2B9B3024443C8900CCEC89 /* Project object */ = {
			isa = PBXProject;
			attributes = {
				LastSwiftUpdateCheck = 1130;
				LastUpgradeCheck = 1130;
				ORGANIZATIONNAME = Bharat;
				TargetAttributes = {
					4F2B9B3724443C8900CCEC89 = {
						CreatedOnToolsVersion = 11.3.1;
					};
					4F2B9B4D24443C8A00CCEC89 = {
						CreatedOnToolsVersion = 11.3.1;
						TestTargetID = 4F2B9B3724443C8900CCEC89;
					};
					4F2B9B5824443C8A00CCEC89 = {
						CreatedOnToolsVersion = 11.3.1;
						TestTargetID = 4F2B9B3724443C8900CCEC89;
					};
				};
			};
			buildConfigurationList = 4F2B9B3324443C8900CCEC89 /* Build configuration list for PBXProject "Progressive bar POC" */;
			compatibilityVersion = "Xcode 9.3";
			developmentRegion = en;
			hasScannedForEncodings = 0;
			knownRegions = (
				en,
				Base,
			);
			mainGroup = 4F2B9B2F24443C8900CCEC89;
			productRefGroup = 4F2B9B3924443C8900CCEC89 /* Products */;
			projectDirPath = "";
			projectRoot = "";
			targets = (
				4F2B9B3724443C8900CCEC89 /* Progressive bar POC */,
				4F2B9B4D24443C8A00CCEC89 /* Progressive bar POCTests */,
				4F2B9B5824443C8A00CCEC89 /* Progressive bar POCUITests */,
			);
		};
/* End PBXProject section */

/* Begin PBXResourcesBuildPhase section */
		4F2B9B3624443C8900CCEC89 /* Resources */ = {
			isa = PBXResourcesBuildPhase;
			buildActionMask = 2147483647;
			files = (
				4F2B9B4824443C8A00CCEC89 /* LaunchScreen.storyboard in Resources */,
				4F2B9B4524443C8A00CCEC89 /* Preview Assets.xcassets in Resources */,
				4F2B9B4224443C8A00CCEC89 /* Assets.xcassets in Resources */,
			);
			runOnlyForDeploymentPostprocessing = 0;
		};
		4F2B9B4C24443C8A00CCEC89 /* Resources */ = {
			isa = PBXResourcesBuildPhase;
			buildActionMask = 2147483647;
			files = (
			);
			runOnlyForDeploymentPostprocessing = 0;
		};
		4F2B9B5724443C8A00CCEC89 /* Resources */ = {
			isa = PBXResourcesBuildPhase;
			buildActionMask = 2147483647;
			files = (
			);
			runOnlyForDeploymentPostprocessing = 0;
		};
/* End PBXResourcesBuildPhase section */

/* Begin PBXSourcesBuildPhase section */
		4F2B9B3424443C8900CCEC89 /* Sources */ = {
			isa = PBXSourcesBuildPhase;
			buildActionMask = 2147483647;
			files = (
				4F2B9B3C24443C8900CCEC89 /* AppDelegate.swift in Sources */,
				4F2B9B3E24443C8900CCEC89 /* SceneDelegate.swift in Sources */,
				4F2B9B722444D7DD00CCEC89 /* Rectangleprogressbar.swift in Sources */,
				4F2B9B6E2444A98200CCEC89 /* semiCircleProgress.swift in Sources */,
				4F2B9B4024443C8900CCEC89 /* ContentView.swift in Sources */,
				4F2B9B6C2444437C00CCEC89 /* Extension.swift in Sources */,
			);
			runOnlyForDeploymentPostprocessing = 0;
		};
		4F2B9B4A24443C8A00CCEC89 /* Sources */ = {
			isa = PBXSourcesBuildPhase;
			buildActionMask = 2147483647;
			files = (
				4F2B9B5324443C8A00CCEC89 /* Progressive_bar_POCTests.swift in Sources */,
			);
			runOnlyForDeploymentPostprocessing = 0;
		};
		4F2B9B5524443C8A00CCEC89 /* Sources */ = {
			isa = PBXSourcesBuildPhase;
			buildActionMask = 2147483647;
			files = (
				4F2B9B5E24443C8A00CCEC89 /* Progressive_bar_POCUITests.swift in Sources */,
			);
			runOnlyForDeploymentPostprocessing = 0;
		};
/* End PBXSourcesBuildPhase section */

/* Begin PBXTargetDependency section */
		4F2B9B5024443C8A00CCEC89 /* PBXTargetDependency */ = {
			isa = PBXTargetDependency;
			target = 4F2B9B3724443C8900CCEC89 /* Progressive bar POC */;
			targetProxy = 4F2B9B4F24443C8A00CCEC89 /* PBXContainerItemProxy */;
		};
		4F2B9B5B24443C8A00CCEC89 /* PBXTargetDependency */ = {
			isa = PBXTargetDependency;
			target = 4F2B9B3724443C8900CCEC89 /* Progressive bar POC */;
			targetProxy = 4F2B9B5A24443C8A00CCEC89 /* PBXContainerItemProxy */;
		};
/* End PBXTargetDependency section */

/* Begin PBXVariantGroup section */
		4F2B9B4624443C8A00CCEC89 /* LaunchScreen.storyboard */ = {
			isa = PBXVariantGroup;
			children = (
				4F2B9B4724443C8A00CCEC89 /* Base */,
			);
			name = LaunchScreen.storyboard;
			sourceTree = "<group>";
		};
/* End PBXVariantGroup section */

/* Begin XCBuildConfiguration section */
		4F2B9B6024443C8A00CCEC89 /* Debug */ = {
			isa = XCBuildConfiguration;
			buildSettings = {
				ALWAYS_SEARCH_USER_PATHS = NO;
				CLANG_ANALYZER_NONNULL = YES;
				CLANG_ANALYZER_NUMBER_OBJECT_CONVERSION = YES_AGGRESSIVE;
				CLANG_CXX_LANGUAGE_STANDARD = "gnu++14";
				CLANG_CXX_LIBRARY = "libc++";
				CLANG_ENABLE_MODULES = YES;
				CLANG_ENABLE_OBJC_ARC = YES;
				CLANG_ENABLE_OBJC_WEAK = YES;
				CLANG_WARN_BLOCK_CAPTURE_AUTORELEASING = YES;
				CLANG_WARN_BOOL_CONVERSION = YES;
				CLANG_WARN_COMMA = YES;
				CLANG_WARN_CONSTANT_CONVERSION = YES;
				CLANG_WARN_DEPRECATED_OBJC_IMPLEMENTATIONS = YES;
				CLANG_WARN_DIRECT_OBJC_ISA_USAGE = YES_ERROR;
				CLANG_WARN_DOCUMENTATION_COMMENTS = YES;
				CLANG_WARN_EMPTY_BODY = YES;
				CLANG_WARN_ENUM_CONVERSION = YES;
				CLANG_WARN_INFINITE_RECURSION = YES;
				CLANG_WARN_INT_CONVERSION = YES;
				CLANG_WARN_NON_LITERAL_NULL_CONVERSION = YES;
				CLANG_WARN_OBJC_IMPLICIT_RETAIN_SELF = YES;
				CLANG_WARN_OBJC_LITERAL_CONVERSION = YES;
				CLANG_WARN_OBJC_ROOT_CLASS = YES_ERROR;
				CLANG_WARN_RANGE_LOOP_ANALYSIS = YES;
				CLANG_WARN_STRICT_PROTOTYPES = YES;
				CLANG_WARN_SUSPICIOUS_MOVE = YES;
				CLANG_WARN_UNGUARDED_AVAILABILITY = YES_AGGRESSIVE;
				CLANG_WARN_UNREACHABLE_CODE = YES;
				CLANG_WARN__DUPLICATE_METHOD_MATCH = YES;
				COPY_PHASE_STRIP = NO;
				DEBUG_INFORMATION_FORMAT = dwarf;
				ENABLE_STRICT_OBJC_MSGSEND = YES;
				ENABLE_TESTABILITY = YES;
				GCC_C_LANGUAGE_STANDARD = gnu11;
				GCC_DYNAMIC_NO_PIC = NO;
				GCC_NO_COMMON_BLOCKS = YES;
				GCC_OPTIMIZATION_LEVEL = 0;
				GCC_PREPROCESSOR_DEFINITIONS = (
					"DEBUG=1",
					"$(inherited)",
				);
				GCC_WARN_64_TO_32_BIT_CONVERSION = YES;
				GCC_WARN_ABOUT_RETURN_TYPE = YES_ERROR;
				GCC_WARN_UNDECLARED_SELECTOR = YES;
				GCC_WARN_UNINITIALIZED_AUTOS = YES_AGGRESSIVE;
				GCC_WARN_UNUSED_FUNCTION = YES;
				GCC_WARN_UNUSED_VARIABLE = YES;
				IPHONEOS_DEPLOYMENT_TARGET = 13.2;
				MTL_ENABLE_DEBUG_INFO = INCLUDE_SOURCE;
				MTL_FAST_MATH = YES;
				ONLY_ACTIVE_ARCH = YES;
				SDKROOT = iphoneos;
				SWIFT_ACTIVE_COMPILATION_CONDITIONS = DEBUG;
				SWIFT_OPTIMIZATION_LEVEL = "-Onone";
			};
			name = Debug;
		};
		4F2B9B6124443C8A00CCEC89 /* Release */ = {
			isa = XCBuildConfiguration;
			buildSettings = {
				ALWAYS_SEARCH_USER_PATHS = NO;
				CLANG_ANALYZER_NONNULL = YES;
				CLANG_ANALYZER_NUMBER_OBJECT_CONVERSION = YES_AGGRESSIVE;
				CLANG_CXX_LANGUAGE_STANDARD = "gnu++14";
				CLANG_CXX_LIBRARY = "libc++";
				CLANG_ENABLE_MODULES = YES;
				CLANG_ENABLE_OBJC_ARC = YES;
				CLANG_ENABLE_OBJC_WEAK = YES;
				CLANG_WARN_BLOCK_CAPTURE_AUTORELEASING = YES;
				CLANG_WARN_BOOL_CONVERSION = YES;
				CLANG_WARN_COMMA = YES;
				CLANG_WARN_CONSTANT_CONVERSION = YES;
				CLANG_WARN_DEPRECATED_OBJC_IMPLEMENTATIONS = YES;
				CLANG_WARN_DIRECT_OBJC_ISA_USAGE = YES_ERROR;
				CLANG_WARN_DOCUMENTATION_COMMENTS = YES;
				CLANG_WARN_EMPTY_BODY = YES;
				CLANG_WARN_ENUM_CONVERSION = YES;
				CLANG_WARN_INFINITE_RECURSION = YES;
				CLANG_WARN_INT_CONVERSION = YES;
				CLANG_WARN_NON_LITERAL_NULL_CONVERSION = YES;
				CLANG_WARN_OBJC_IMPLICIT_RETAIN_SELF = YES;
				CLANG_WARN_OBJC_LITERAL_CONVERSION = YES;
				CLANG_WARN_OBJC_ROOT_CLASS = YES_ERROR;
				CLANG_WARN_RANGE_LOOP_ANALYSIS = YES;
				CLANG_WARN_STRICT_PROTOTYPES = YES;
				CLANG_WARN_SUSPICIOUS_MOVE = YES;
				CLANG_WARN_UNGUARDED_AVAILABILITY = YES_AGGRESSIVE;
				CLANG_WARN_UNREACHABLE_CODE = YES;
				CLANG_WARN__DUPLICATE_METHOD_MATCH = YES;
				COPY_PHASE_STRIP = NO;
				DEBUG_INFORMATION_FORMAT = "dwarf-with-dsym";
				ENABLE_NS_ASSERTIONS = NO;
				ENABLE_STRICT_OBJC_MSGSEND = YES;
				GCC_C_LANGUAGE_STANDARD = gnu11;
				GCC_NO_COMMON_BLOCKS = YES;
				GCC_WARN_64_TO_32_BIT_CONVERSION = YES;
				GCC_WARN_ABOUT_RETURN_TYPE = YES_ERROR;
				GCC_WARN_UNDECLARED_SELECTOR = YES;
				GCC_WARN_UNINITIALIZED_AUTOS = YES_AGGRESSIVE;
				GCC_WARN_UNUSED_FUNCTION = YES;
				GCC_WARN_UNUSED_VARIABLE = YES;
				IPHONEOS_DEPLOYMENT_TARGET = 13.2;
				MTL_ENABLE_DEBUG_INFO = NO;
				MTL_FAST_MATH = YES;
				SDKROOT = iphoneos;
				SWIFT_COMPILATION_MODE = wholemodule;
				SWIFT_OPTIMIZATION_LEVEL = "-O";
				VALIDATE_PRODUCT = YES;
			};
			name = Release;
		};
		4F2B9B6324443C8A00CCEC89 /* Debug */ = {
			isa = XCBuildConfiguration;
			buildSettings = {
				ASSETCATALOG_COMPILER_APPICON_NAME = AppIcon;
				CODE_SIGN_STYLE = Automatic;
				DEVELOPMENT_ASSET_PATHS = "\"Progressive bar POC/Preview Content\"";
				ENABLE_PREVIEWS = YES;
				INFOPLIST_FILE = "Progressive bar POC/Info.plist";
				LD_RUNPATH_SEARCH_PATHS = (
					"$(inherited)",
					"@executable_path/Frameworks",
				);
				PRODUCT_BUNDLE_IDENTIFIER = "com.quin.Progressive-bar-POC";
				PRODUCT_NAME = "$(TARGET_NAME)";
				SWIFT_VERSION = 5.0;
				TARGETED_DEVICE_FAMILY = "1,2";
			};
			name = Debug;
		};
		4F2B9B6424443C8A00CCEC89 /* Release */ = {
			isa = XCBuildConfiguration;
			buildSettings = {
				ASSETCATALOG_COMPILER_APPICON_NAME = AppIcon;
				CODE_SIGN_STYLE = Automatic;
				DEVELOPMENT_ASSET_PATHS = "\"Progressive bar POC/Preview Content\"";
				ENABLE_PREVIEWS = YES;
				INFOPLIST_FILE = "Progressive bar POC/Info.plist";
				LD_RUNPATH_SEARCH_PATHS = (
					"$(inherited)",
					"@executable_path/Frameworks",
				);
				PRODUCT_BUNDLE_IDENTIFIER = "com.quin.Progressive-bar-POC";
				PRODUCT_NAME = "$(TARGET_NAME)";
				SWIFT_VERSION = 5.0;
				TARGETED_DEVICE_FAMILY = "1,2";
			};
			name = Release;
		};
		4F2B9B6624443C8A00CCEC89 /* Debug */ = {
			isa = XCBuildConfiguration;
			buildSettings = {
				ALWAYS_EMBED_SWIFT_STANDARD_LIBRARIES = YES;
				BUNDLE_LOADER = "$(TEST_HOST)";
				CODE_SIGN_STYLE = Automatic;
				INFOPLIST_FILE = "Progressive bar POCTests/Info.plist";
				IPHONEOS_DEPLOYMENT_TARGET = 13.2;
				LD_RUNPATH_SEARCH_PATHS = (
					"$(inherited)",
					"@executable_path/Frameworks",
					"@loader_path/Frameworks",
				);
				PRODUCT_BUNDLE_IDENTIFIER = "com.quin.Progressive-bar-POCTests";
				PRODUCT_NAME = "$(TARGET_NAME)";
				SWIFT_VERSION = 5.0;
				TARGETED_DEVICE_FAMILY = "1,2";
				TEST_HOST = "$(BUILT_PRODUCTS_DIR)/Progressive bar POC.app/Progressive bar POC";
			};
			name = Debug;
		};
		4F2B9B6724443C8A00CCEC89 /* Release */ = {
			isa = XCBuildConfiguration;
			buildSettings = {
				ALWAYS_EMBED_SWIFT_STANDARD_LIBRARIES = YES;
				BUNDLE_LOADER = "$(TEST_HOST)";
				CODE_SIGN_STYLE = Automatic;
				INFOPLIST_FILE = "Progressive bar POCTests/Info.plist";
				IPHONEOS_DEPLOYMENT_TARGET = 13.2;
				LD_RUNPATH_SEARCH_PATHS = (
					"$(inherited)",
					"@executable_path/Frameworks",
					"@loader_path/Frameworks",
				);
				PRODUCT_BUNDLE_IDENTIFIER = "com.quin.Progressive-bar-POCTests";
				PRODUCT_NAME = "$(TARGET_NAME)";
				SWIFT_VERSION = 5.0;
				TARGETED_DEVICE_FAMILY = "1,2";
				TEST_HOST = "$(BUILT_PRODUCTS_DIR)/Progressive bar POC.app/Progressive bar POC";
			};
			name = Release;
		};
		4F2B9B6924443C8A00CCEC89 /* Debug */ = {
			isa = XCBuildConfiguration;
			buildSettings = {
				ALWAYS_EMBED_SWIFT_STANDARD_LIBRARIES = YES;
				CODE_SIGN_STYLE = Automatic;
				INFOPLIST_FILE = "Progressive bar POCUITests/Info.plist";
				LD_RUNPATH_SEARCH_PATHS = (
					"$(inherited)",
					"@executable_path/Frameworks",
					"@loader_path/Frameworks",
				);
				PRODUCT_BUNDLE_IDENTIFIER = "com.quin.Progressive-bar-POCUITests";
				PRODUCT_NAME = "$(TARGET_NAME)";
				SWIFT_VERSION = 5.0;
				TARGETED_DEVICE_FAMILY = "1,2";
				TEST_TARGET_NAME = "Progressive bar POC";
			};
			name = Debug;
		};
		4F2B9B6A24443C8A00CCEC89 /* Release */ = {
			isa = XCBuildConfiguration;
			buildSettings = {
				ALWAYS_EMBED_SWIFT_STANDARD_LIBRARIES = YES;
				CODE_SIGN_STYLE = Automatic;
				INFOPLIST_FILE = "Progressive bar POCUITests/Info.plist";
				LD_RUNPATH_SEARCH_PATHS = (
					"$(inherited)",
					"@executable_path/Frameworks",
					"@loader_path/Frameworks",
				);
				PRODUCT_BUNDLE_IDENTIFIER = "com.quin.Progressive-bar-POCUITests";
				PRODUCT_NAME = "$(TARGET_NAME)";
				SWIFT_VERSION = 5.0;
				TARGETED_DEVICE_FAMILY = "1,2";
				TEST_TARGET_NAME = "Progressive bar POC";
			};
			name = Release;
		};
/* End XCBuildConfiguration section */

/* Begin XCConfigurationList section */
		4F2B9B3324443C8900CCEC89 /* Build configuration list for PBXProject "Progressive bar POC" */ = {
			isa = XCConfigurationList;
			buildConfigurations = (
				4F2B9B6024443C8A00CCEC89 /* Debug */,
				4F2B9B6124443C8A00CCEC89 /* Release */,
			);
			defaultConfigurationIsVisible = 0;
			defaultConfigurationName = Release;
		};
		4F2B9B6224443C8A00CCEC89 /* Build configuration list for PBXNativeTarget "Progressive bar POC" */ = {
			isa = XCConfigurationList;
			buildConfigurations = (
				4F2B9B6324443C8A00CCEC89 /* Debug */,
				4F2B9B6424443C8A00CCEC89 /* Release */,
			);
			defaultConfigurationIsVisible = 0;
			defaultConfigurationName = Release;
		};
		4F2B9B6524443C8A00CCEC89 /* Build configuration list for PBXNativeTarget "Progressive bar POCTests" */ = {
			isa = XCConfigurationList;
			buildConfigurations = (
				4F2B9B6624443C8A00CCEC89 /* Debug */,
				4F2B9B6724443C8A00CCEC89 /* Release */,
			);
			defaultConfigurationIsVisible = 0;
			defaultConfigurationName = Release;
		};
		4F2B9B6824443C8A00CCEC89 /* Build configuration list for PBXNativeTarget "Progressive bar POCUITests" */ = {
			isa = XCConfigurationList;
			buildConfigurations = (
				4F2B9B6924443C8A00CCEC89 /* Debug */,
				4F2B9B6A24443C8A00CCEC89 /* Release */,
			);
			defaultConfigurationIsVisible = 0;
			defaultConfigurationName = Release;
		};
/* End XCConfigurationList section */
	};
	rootObject = 4F2B9B3024443C8900CCEC89 /* Project object */;
}
